
Microsoft Visual Studio Solution File, Format Version 12.00
# Visual Studio Version 16
VisualStudioVersion = 16.0.30104.148
MinimumVisualStudioVersion = 10.0.40219.1
Project("{9A19103F-16F7-4668-BE54-9A1E7A4F7556}") = "RestWithASP-NETUdemy", "RestWithASP-NETUdemy\RestWithASP-NETUdemy.csproj", "{D67333E4-E61B-440B-9747-327766693151}"
EndProject
Global
	GlobalSection(SolutionConfigurationPlatforms) = preSolution
		Debug|Any CPU = Debug|Any CPU
		Release|Any CPU = Release|Any CPU
	EndGlobalSection
	GlobalSection(ProjectConfigurationPlatforms) = postSolution
		{D67333E4-E61B-440B-9747-327766693151}.Debug|Any CPU.ActiveCfg = Debug|Any CPU
		{D67333E4-E61B-440B-9747-327766693151}.Debug|Any CPU.Build.0 = Debug|Any CPU
		{D67333E4-E61B-440B-9747-327766693151}.Release|Any CPU.ActiveCfg = Release|Any CPU
		{D67333E4-E61B-440B-9747-327766693151}.Release|Any CPU.Build.0 = Release|Any CPU
	EndGlobalSection
	GlobalSection(SolutionProperties) = preSolution
		HideSolutionNode = FALSE
	EndGlobalSection
	GlobalSection(ExtensibilityGlobals) = postSolution
		SolutionGuid = {85AE7291-79F2-4E63-85D4-3E24D8648A7C}
	EndGlobalSection
EndGlobal
